
Microsoft Visual Studio Solution File, Format Version 12.00
# Visual Studio 15
VisualStudioVersion = 15.0.26228.4
MinimumVisualStudioVersion = 10.0.40219.1
Project("{FAE04EC0-301F-11D3-BF4B-00C04F79EFBC}") = "RemoteView", "RemoteView\RemoteView.csproj", "{5DA6855A-DDE4-4F77-BB8D-BC3D39412005}"
EndProject
Project("{FAE04EC0-301F-11D3-BF4B-00C04F79EFBC}") = "ConsoleApp1", "ConsoleApp1\ConsoleApp1.csproj", "{C7446DDF-E132-4407-9664-F89323274148}"
EndProject
Project("{FAE04EC0-301F-11D3-BF4B-00C04F79EFBC}") = "test", "test\test.csproj", "{96BA76F4-3FF6-4FE5-A0C2-B99CB8E04C1B}"
EndProject
Global
	GlobalSection(SolutionConfigurationPlatforms) = preSolution
		Debug|Any CPU = Debug|Any CPU
		Release|Any CPU = Release|Any CPU
	EndGlobalSection
	GlobalSection(ProjectConfigurationPlatforms) = postSolution
		{5DA6855A-DDE4-4F77-BB8D-BC3D39412005}.Debug|Any CPU.ActiveCfg = Debug|Any CPU
		{5DA6855A-DDE4-4F77-BB8D-BC3D39412005}.Debug|Any CPU.Build.0 = Debug|Any CPU
		{5DA6855A-DDE4-4F77-BB8D-BC3D39412005}.Release|Any CPU.ActiveCfg = Release|Any CPU
		{5DA6855A-DDE4-4F77-BB8D-BC3D39412005}.Release|Any CPU.Build.0 = Release|Any CPU
		{C7446DDF-E132-4407-9664-F89323274148}.Debug|Any CPU.ActiveCfg = Debug|Any CPU
		{C7446DDF-E132-4407-9664-F89323274148}.Debug|Any CPU.Build.0 = Debug|Any CPU
		{C7446DDF-E132-4407-9664-F89323274148}.Release|Any CPU.ActiveCfg = Release|Any CPU
		{C7446DDF-E132-4407-9664-F89323274148}.Release|Any CPU.Build.0 = Release|Any CPU
		{96BA76F4-3FF6-4FE5-A0C2-B99CB8E04C1B}.Debug|Any CPU.ActiveCfg = Debug|Any CPU
		{96BA76F4-3FF6-4FE5-A0C2-B99CB8E04C1B}.Debug|Any CPU.Build.0 = Debug|Any CPU
		{96BA76F4-3FF6-4FE5-A0C2-B99CB8E04C1B}.Release|Any CPU.ActiveCfg = Release|Any CPU
		{96BA76F4-3FF6-4FE5-A0C2-B99CB8E04C1B}.Release|Any CPU.Build.0 = Release|Any CPU
	EndGlobalSection
	GlobalSection(SolutionProperties) = preSolution
		HideSolutionNode = FALSE
	EndGlobalSection
EndGlobal
